
Microsoft Visual Studio Solution File, Format Version 12.00
# Visual Studio Version 17
VisualStudioVersion = 17.7.34024.191
MinimumVisualStudioVersion = 10.0.40219.1
Project("{8BC9CEB8-8B4A-11D0-8D11-00A0C91BC942}") = "Project1", "Project1\Project1.vcxproj", "{CCC2D27D-87DC-4CE2-A935-D85F06758723}"
EndProject
Global
	GlobalSection(SolutionConfigurationPlatforms) = preSolution
		Debug|x64 = Debug|x64
		Debug|x86 = Debug|x86
		Release|x64 = Release|x64
		Release|x86 = Release|x86
	EndGlobalSection
	GlobalSection(ProjectConfigurationPlatforms) = postSolution
		{CCC2D27D-87DC-4CE2-A935-D85F06758723}.Debug|x64.ActiveCfg = Debug|x64
		{CCC2D27D-87DC-4CE2-A935-D85F06758723}.Debug|x64.Build.0 = Debug|x64
		{CCC2D27D-87DC-4CE2-A935-D85F06758723}.Debug|x86.ActiveCfg = Debug|Win32
		{CCC2D27D-87DC-4CE2-A935-D85F06758723}.Debug|x86.Build.0 = Debug|Win32
		{CCC2D27D-87DC-4CE2-A935-D85F06758723}.Release|x64.ActiveCfg = Release|x64
		{CCC2D27D-87DC-4CE2-A935-D85F06758723}.Release|x64.Build.0 = Release|x64
		{CCC2D27D-87DC-4CE2-A935-D85F06758723}.Release|x86.ActiveCfg = Release|Win32
		{CCC2D27D-87DC-4CE2-A935-D85F06758723}.Release|x86.Build.0 = Release|Win32
	EndGlobalSection
	GlobalSection(SolutionProperties) = preSolution
		HideSolutionNode = FALSE
	EndGlobalSection
	GlobalSection(ExtensibilityGlobals) = postSolution
		SolutionGuid = {467625D0-D07A-40D2-84BE-F09C68694E8D}
	EndGlobalSection
EndGlobal
