
Microsoft Visual Studio Solution File, Format Version 12.00
# Visual Studio Version 17
VisualStudioVersion = 17.7.34024.191
MinimumVisualStudioVersion = 10.0.40219.1
Project("{8BC9CEB8-8B4A-11D0-8D11-00A0C91BC942}") = "vd", "vd\vd.vcxproj", "{299C58E1-FE5A-40AE-84FE-23165DBF29AC}"
EndProject
Global
	GlobalSection(SolutionConfigurationPlatforms) = preSolution
		Debug|x64 = Debug|x64
		Debug|x86 = Debug|x86
		Release|x64 = Release|x64
		Release|x86 = Release|x86
	EndGlobalSection
	GlobalSection(ProjectConfigurationPlatforms) = postSolution
		{299C58E1-FE5A-40AE-84FE-23165DBF29AC}.Debug|x64.ActiveCfg = Debug|x64
		{299C58E1-FE5A-40AE-84FE-23165DBF29AC}.Debug|x64.Build.0 = Debug|x64
		{299C58E1-FE5A-40AE-84FE-23165DBF29AC}.Debug|x86.ActiveCfg = Debug|Win32
		{299C58E1-FE5A-40AE-84FE-23165DBF29AC}.Debug|x86.Build.0 = Debug|Win32
		{299C58E1-FE5A-40AE-84FE-23165DBF29AC}.Release|x64.ActiveCfg = Release|x64
		{299C58E1-FE5A-40AE-84FE-23165DBF29AC}.Release|x64.Build.0 = Release|x64
		{299C58E1-FE5A-40AE-84FE-23165DBF29AC}.Release|x86.ActiveCfg = Release|Win32
		{299C58E1-FE5A-40AE-84FE-23165DBF29AC}.Release|x86.Build.0 = Release|Win32
	EndGlobalSection
	GlobalSection(SolutionProperties) = preSolution
		HideSolutionNode = FALSE
	EndGlobalSection
	GlobalSection(ExtensibilityGlobals) = postSolution
		SolutionGuid = {7AAA89F4-2106-4FA5-9B83-007FB1DB8671}
	EndGlobalSection
EndGlobal
