
Microsoft Visual Studio Solution File, Format Version 12.00
# Visual Studio Version 17
VisualStudioVersion = 17.7.34024.191
MinimumVisualStudioVersion = 10.0.40219.1
Project("{8BC9CEB8-8B4A-11D0-8D11-00A0C91BC942}") = "baitapdequy", "baitapdequy\baitapdequy.vcxproj", "{29884ED3-B35D-4538-9642-83F4AD10FC61}"
EndProject
Global
	GlobalSection(SolutionConfigurationPlatforms) = preSolution
		Debug|x64 = Debug|x64
		Debug|x86 = Debug|x86
		Release|x64 = Release|x64
		Release|x86 = Release|x86
	EndGlobalSection
	GlobalSection(ProjectConfigurationPlatforms) = postSolution
		{29884ED3-B35D-4538-9642-83F4AD10FC61}.Debug|x64.ActiveCfg = Debug|x64
		{29884ED3-B35D-4538-9642-83F4AD10FC61}.Debug|x64.Build.0 = Debug|x64
		{29884ED3-B35D-4538-9642-83F4AD10FC61}.Debug|x86.ActiveCfg = Debug|Win32
		{29884ED3-B35D-4538-9642-83F4AD10FC61}.Debug|x86.Build.0 = Debug|Win32
		{29884ED3-B35D-4538-9642-83F4AD10FC61}.Release|x64.ActiveCfg = Release|x64
		{29884ED3-B35D-4538-9642-83F4AD10FC61}.Release|x64.Build.0 = Release|x64
		{29884ED3-B35D-4538-9642-83F4AD10FC61}.Release|x86.ActiveCfg = Release|Win32
		{29884ED3-B35D-4538-9642-83F4AD10FC61}.Release|x86.Build.0 = Release|Win32
	EndGlobalSection
	GlobalSection(SolutionProperties) = preSolution
		HideSolutionNode = FALSE
	EndGlobalSection
	GlobalSection(ExtensibilityGlobals) = postSolution
		SolutionGuid = {C0403500-1A27-4B7B-8586-F1E6846C02B2}
	EndGlobalSection
EndGlobal
